
Microsoft Visual Studio Solution File, Format Version 12.00
# Visual Studio Version 16
VisualStudioVersion = 16.0.31129.286
MinimumVisualStudioVersion = 10.0.40219.1
Project("{FAE04EC0-301F-11D3-BF4B-00C04F79EFBC}") = "Karkov", "Karkov.csproj", "{D18C69E8-B8B4-4B1B-A225-4E0E381BACAE}"
EndProject
Global
	GlobalSection(SolutionConfigurationPlatforms) = preSolution
		Debug|Any CPU = Debug|Any CPU
		Release|Any CPU = Release|Any CPU
	EndGlobalSection
	GlobalSection(ProjectConfigurationPlatforms) = postSolution
		{D18C69E8-B8B4-4B1B-A225-4E0E381BACAE}.Debug|Any CPU.ActiveCfg = Debug|Any CPU
		{D18C69E8-B8B4-4B1B-A225-4E0E381BACAE}.Debug|Any CPU.Build.0 = Debug|Any CPU
		{D18C69E8-B8B4-4B1B-A225-4E0E381BACAE}.Release|Any CPU.ActiveCfg = Release|Any CPU
		{D18C69E8-B8B4-4B1B-A225-4E0E381BACAE}.Release|Any CPU.Build.0 = Release|Any CPU
	EndGlobalSection
	GlobalSection(SolutionProperties) = preSolution
		HideSolutionNode = FALSE
	EndGlobalSection
	GlobalSection(ExtensibilityGlobals) = postSolution
		SolutionGuid = {80DAE59A-1E8C-413C-8C64-F228B634AC7D}
	EndGlobalSection
EndGlobal
